// !$*UTF8*$!
{
	archiveVersion = 1;
	classes = {
	};
	objectVersion = 55;
	objects = {

/* Begin PBXBuildFile section */
		60BC4F3E27FE632000C37A52 /* AppDelegate.swift in Sources */ = {isa = PBXBuildFile; fileRef = 60BC4F3D27FE632000C37A52 /* AppDelegate.swift */; };
		60BC4F4027FE632000C37A52 /* SceneDelegate.swift in Sources */ = {isa = PBXBuildFile; fileRef = 60BC4F3F27FE632000C37A52 /* SceneDelegate.swift */; };
		60BC4F4227FE632000C37A52 /* ViewController.swift in Sources */ = {isa = PBXBuildFile; fileRef = 60BC4F4127FE632000C37A52 /* ViewController.swift */; };
		60BC4F4527FE632000C37A52 /* Main.storyboard in Resources */ = {isa = PBXBuildFile; fileRef = 60BC4F4327FE632000C37A52 /* Main.storyboard */; };
		60BC4F4727FE632300C37A52 /* Assets.xcassets in Resources */ = {isa = PBXBuildFile; fileRef = 60BC4F4627FE632300C37A52 /* Assets.xcassets */; };
		60BC4F4A27FE632300C37A52 /* LaunchScreen.storyboard in Resources */ = {isa = PBXBuildFile; fileRef = 60BC4F4827FE632300C37A52 /* LaunchScreen.storyboard */; };
		60BC4F5927FE6B3400C37A52 /* 2.mp3 in Resources */ = {isa = PBXBuildFile; fileRef = 60BC4F5127FE6B3400C37A52 /* 2.mp3 */; };
		60BC4F5A27FE6B3400C37A52 /* 4.mp3 in Resources */ = {isa = PBXBuildFile; fileRef = 60BC4F5227FE6B3400C37A52 /* 4.mp3 */; };
		60BC4F5B27FE6B3400C37A52 /* 5.mp3 in Resources */ = {isa = PBXBuildFile; fileRef = 60BC4F5327FE6B3400C37A52 /* 5.mp3 */; };
		60BC4F5C27FE6B3400C37A52 /* 6.mp3 in Resources */ = {isa = PBXBuildFile; fileRef = 60BC4F5427FE6B3400C37A52 /* 6.mp3 */; };
		60BC4F5D27FE6B3400C37A52 /* 3.mp3 in Resources */ = {isa = PBXBuildFile; fileRef = 60BC4F5527FE6B3400C37A52 /* 3.mp3 */; };
		60BC4F5E27FE6B3400C37A52 /* 4.mp3 in Resources */ = {isa = PBXBuildFile; fileRef = 60BC4F5627FE6B3400C37A52 /* 4.mp3 */; };
		60BC4F5F27FE6B3400C37A52 /* 4.mp3 in Resources */ = {isa = PBXBuildFile; fileRef = 60BC4F5727FE6B3400C37A52 /* 4.mp3 */; };
		60BC4F6027FE6B3400C37A52 /* 1.mp3 in Resources */ = {isa = PBXBuildFile; fileRef = 60BC4F5827FE6B3400C37A52 /* 1.mp3 */; };
/* End PBXBuildFile section */

/* Begin PBXFileReference section */
		60BC4F3A27FE632000C37A52 /* MarimbaDAM.app */ = {isa = PBXFileReference; explicitFileType = wrapper.application; includeInIndex = 0; path = MarimbaDAM.app; sourceTree = BUILT_PRODUCTS_DIR; };
		60BC4F3D27FE632000C37A52 /* AppDelegate.swift */ = {isa = PBXFileReference; lastKnownFileType = sourcecode.swift; path = AppDelegate.swift; sourceTree = "<group>"; };
		60BC4F3F27FE632000C37A52 /* SceneDelegate.swift */ = {isa = PBXFileReference; lastKnownFileType = sourcecode.swift; path = SceneDelegate.swift; sourceTree = "<group>"; };
		60BC4F4127FE632000C37A52 /* ViewController.swift */ = {isa = PBXFileReference; lastKnownFileType = sourcecode.swift; path = ViewController.swift; sourceTree = "<group>"; };
		60BC4F4427FE632000C37A52 /* Base */ = {isa = PBXFileReference; lastKnownFileType = file.storyboard; name = Base; path = Base.lproj/Main.storyboard; sourceTree = "<group>"; };
		60BC4F4627FE632300C37A52 /* Assets.xcassets */ = {isa = PBXFileReference; lastKnownFileType = folder.assetcatalog; path = Assets.xcassets; sourceTree = "<group>"; };
		60BC4F4927FE632300C37A52 /* Base */ = {isa = PBXFileReference; lastKnownFileType = file.storyboard; name = Base; path = Base.lproj/LaunchScreen.storyboard; sourceTree = "<group>"; };
		60BC4F4B27FE632300C37A52 /* Info.plist */ = {isa = PBXFileReference; lastKnownFileType = text.plist.xml; path = Info.plist; sourceTree = "<group>"; };
		60BC4F5127FE6B3400C37A52 /* 2.mp3 */ = {isa = PBXFileReference; lastKnownFileType = audio.mp3; path = 2.mp3; sourceTree = "<group>"; };
		60BC4F5227FE6B3400C37A52 /* 4.mp3 */ = {isa = PBXFileReference; lastKnownFileType = audio.mp3; path = 4.mp3; sourceTree = "<group>"; };
		60BC4F5327FE6B3400C37A52 /* 5.mp3 */ = {isa = PBXFileReference; lastKnownFileType = audio.mp3; path = 5.mp3; sourceTree = "<group>"; };
		60BC4F5427FE6B3400C37A52 /* 6.mp3 */ = {isa = PBXFileReference; lastKnownFileType = audio.mp3; path = 6.mp3; sourceTree = "<group>"; };
		60BC4F5527FE6B3400C37A52 /* 3.mp3 */ = {isa = PBXFileReference; lastKnownFileType = audio.mp3; path = 3.mp3; sourceTree = "<group>"; };
		60BC4F5627FE6B3400C37A52 /* 4.mp3 */ = {isa = PBXFileReference; lastKnownFileType = audio.mp3; name = 4.mp3; path = ../../../../Downloads/4.mp3; sourceTree = "<group>"; };
		60BC4F5727FE6B3400C37A52 /* 4.mp3 */ = {isa = PBXFileReference; lastKnownFileType = audio.mp3; name = 4.mp3; path = "../../../ITM/Programacion Móvil II/Apps/InstrumentoMusical/InstrumentoMusical/4.mp3"; sourceTree = "<group>"; };
		60BC4F5827FE6B3400C37A52 /* 1.mp3 */ = {isa = PBXFileReference; lastKnownFileType = audio.mp3; path = 1.mp3; sourceTree = "<group>"; };
/* End PBXFileReference section */

/* Begin PBXFrameworksBuildPhase section */
		60BC4F3727FE632000C37A52 /* Frameworks */ = {
			isa = PBXFrameworksBuildPhase;
			buildActionMask = 2147483647;
			files = (
			);
			runOnlyForDeploymentPostprocessing = 0;
		};
/* End PBXFrameworksBuildPhase section */

/* Begin PBXGroup section */
		60BC4F3127FE632000C37A52 = {
			isa = PBXGroup;
			children = (
				60BC4F3C27FE632000C37A52 /* MarimbaDAM */,
				60BC4F3B27FE632000C37A52 /* Products */,
			);
			sourceTree = "<group>";
		};
		60BC4F3B27FE632000C37A52 /* Products */ = {
			isa = PBXGroup;
			children = (
				60BC4F3A27FE632000C37A52 /* MarimbaDAM.app */,
			);
			name = Products;
			sourceTree = "<group>";
		};
		60BC4F3C27FE632000C37A52 /* MarimbaDAM */ = {
			isa = PBXGroup;
			children = (
				60BC4F3D27FE632000C37A52 /* AppDelegate.swift */,
				60BC4F3F27FE632000C37A52 /* SceneDelegate.swift */,
				60BC4F4127FE632000C37A52 /* ViewController.swift */,
				60BC4F4327FE632000C37A52 /* Main.storyboard */,
				60BC4F4627FE632300C37A52 /* Assets.xcassets */,
				60BC4F4827FE632300C37A52 /* LaunchScreen.storyboard */,
				60BC4F4B27FE632300C37A52 /* Info.plist */,
				60BC4F5827FE6B3400C37A52 /* 1.mp3 */,
				60BC4F5127FE6B3400C37A52 /* 2.mp3 */,
				60BC4F5527FE6B3400C37A52 /* 3.mp3 */,
				60BC4F5727FE6B3400C37A52 /* 4.mp3 */,
				60BC4F5627FE6B3400C37A52 /* 4.mp3 */,
				60BC4F5227FE6B3400C37A52 /* 4.mp3 */,
				60BC4F5327FE6B3400C37A52 /* 5.mp3 */,
				60BC4F5427FE6B3400C37A52 /* 6.mp3 */,
			);
			path = MarimbaDAM;
			sourceTree = "<group>";
		};
/* End PBXGroup section */

/* Begin PBXNativeTarget section */
		60BC4F3927FE632000C37A52 /* MarimbaDAM */ = {
			isa = PBXNativeTarget;
			buildConfigurationList = 60BC4F4E27FE632300C37A52 /* Build configuration list for PBXNativeTarget "MarimbaDAM" */;
			buildPhases = (
				60BC4F3627FE632000C37A52 /* Sources */,
				60BC4F3727FE632000C37A52 /* Frameworks */,
				60BC4F3827FE632000C37A52 /* Resources */,
			);
			buildRules = (
			);
			dependencies = (
			);
			name = MarimbaDAM;
			productName = MarimbaDAM;
			productReference = 60BC4F3A27FE632000C37A52 /* MarimbaDAM.app */;
			productType = "com.apple.product-type.application";
		};
/* End PBXNativeTarget section */

/* Begin PBXProject section */
		60BC4F3227FE632000C37A52 /* Project object */ = {
			isa = PBXProject;
			attributes = {
				BuildIndependentTargetsInParallel = 1;
				LastSwiftUpdateCheck = 1330;
				LastUpgradeCheck = 1330;
				TargetAttributes = {
					60BC4F3927FE632000C37A52 = {
						CreatedOnToolsVersion = 13.3;
					};
				};
			};
			buildConfigurationList = 60BC4F3527FE632000C37A52 /* Build configuration list for PBXProject "MarimbaDAM" */;
			compatibilityVersion = "Xcode 13.0";
			developmentRegion = en;
			hasScannedForEncodings = 0;
			knownRegions = (
				en,
				Base,
			);
			mainGroup = 60BC4F3127FE632000C37A52;
			productRefGroup = 60BC4F3B27FE632000C37A52 /* Products */;
			projectDirPath = "";
			projectRoot = "";
			targets = (
				60BC4F3927FE632000C37A52 /* MarimbaDAM */,
			);
		};
/* End PBXProject section */

/* Begin PBXResourcesBuildPhase section */
		60BC4F3827FE632000C37A52 /* Resources */ = {
			isa = PBXResourcesBuildPhase;
			buildActionMask = 2147483647;
			files = (
				60BC4F6027FE6B3400C37A52 /* 1.mp3 in Resources */,
				60BC4F5E27FE6B3400C37A52 /* 4.mp3 in Resources */,
				60BC4F5B27FE6B3400C37A52 /* 5.mp3 in Resources */,
				60BC4F4A27FE632300C37A52 /* LaunchScreen.storyboard in Resources */,
				60BC4F5F27FE6B3400C37A52 /* 4.mp3 in Resources */,
				60BC4F5927FE6B3400C37A52 /* 2.mp3 in Resources */,
				60BC4F5C27FE6B3400C37A52 /* 6.mp3 in Resources */,
				60BC4F4727FE632300C37A52 /* Assets.xcassets in Resources */,
				60BC4F5A27FE6B3400C37A52 /* 4.mp3 in Resources */,
				60BC4F5D27FE6B3400C37A52 /* 3.mp3 in Resources */,
				60BC4F4527FE632000C37A52 /* Main.storyboard in Resources */,
			);
			runOnlyForDeploymentPostprocessing = 0;
		};
/* End PBXResourcesBuildPhase section */

/* Begin PBXSourcesBuildPhase section */
		60BC4F3627FE632000C37A52 /* Sources */ = {
			isa = PBXSourcesBuildPhase;
			buildActionMask = 2147483647;
			files = (
				60BC4F4227FE632000C37A52 /* ViewController.swift in Sources */,
				60BC4F3E27FE632000C37A52 /* AppDelegate.swift in Sources */,
				60BC4F4027FE632000C37A52 /* SceneDelegate.swift in Sources */,
			);
			runOnlyForDeploymentPostprocessing = 0;
		};
/* End PBXSourcesBuildPhase section */

/* Begin PBXVariantGroup section */
		60BC4F4327FE632000C37A52 /* Main.storyboard */ = {
			isa = PBXVariantGroup;
			children = (
				60BC4F4427FE632000C37A52 /* Base */,
			);
			name = Main.storyboard;
			sourceTree = "<group>";
		};
		60BC4F4827FE632300C37A52 /* LaunchScreen.storyboard */ = {
			isa = PBXVariantGroup;
			children = (
				60BC4F4927FE632300C37A52 /* Base */,
			);
			name = LaunchScreen.storyboard;
			sourceTree = "<group>";
		};
/* End PBXVariantGroup section */

/* Begin XCBuildConfiguration section */
		60BC4F4C27FE632300C37A52 /* Debug */ = {
			isa = XCBuildConfiguration;
			buildSettings = {
				ALWAYS_SEARCH_USER_PATHS = NO;
				CLANG_ANALYZER_NONNULL = YES;
				CLANG_ANALYZER_NUMBER_OBJECT_CONVERSION = YES_AGGRESSIVE;
				CLANG_CXX_LANGUAGE_STANDARD = "gnu++17";
				CLANG_ENABLE_MODULES = YES;
				CLANG_ENABLE_OBJC_ARC = YES;
				CLANG_ENABLE_OBJC_WEAK = YES;
				CLANG_WARN_BLOCK_CAPTURE_AUTORELEASING = YES;
				CLANG_WARN_BOOL_CONVERSION = YES;
				CLANG_WARN_COMMA = YES;
				CLANG_WARN_CONSTANT_CONVERSION = YES;
				CLANG_WARN_DEPRECATED_OBJC_IMPLEMENTATIONS = YES;
				CLANG_WARN_DIRECT_OBJC_ISA_USAGE = YES_ERROR;
				CLANG_WARN_DOCUMENTATION_COMMENTS = YES;
				CLANG_WARN_EMPTY_BODY = YES;
				CLANG_WARN_ENUM_CONVERSION = YES;
				CLANG_WARN_INFINITE_RECURSION = YES;
				CLANG_WARN_INT_CONVERSION = YES;
				CLANG_WARN_NON_LITERAL_NULL_CONVERSION = YES;
				CLANG_WARN_OBJC_IMPLICIT_RETAIN_SELF = YES;
				CLANG_WARN_OBJC_LITERAL_CONVERSION = YES;
				CLANG_WARN_OBJC_ROOT_CLASS = YES_ERROR;
				CLANG_WARN_QUOTED_INCLUDE_IN_FRAMEWORK_HEADER = YES;
				CLANG_WARN_RANGE_LOOP_ANALYSIS = YES;
				CLANG_WARN_STRICT_PROTOTYPES = YES;
				CLANG_WARN_SUSPICIOUS_MOVE = YES;
				CLANG_WARN_UNGUARDED_AVAILABILITY = YES_AGGRESSIVE;
				CLANG_WARN_UNREACHABLE_CODE = YES;
				CLANG_WARN__DUPLICATE_METHOD_MATCH = YES;
				COPY_PHASE_STRIP = NO;
				DEBUG_INFORMATION_FORMAT = dwarf;
				ENABLE_STRICT_OBJC_MSGSEND = YES;
				ENABLE_TESTABILITY = YES;
				GCC_C_LANGUAGE_STANDARD = gnu11;
				GCC_DYNAMIC_NO_PIC = NO;
				GCC_NO_COMMON_BLOCKS = YES;
				GCC_OPTIMIZATION_LEVEL = 0;
				GCC_PREPROCESSOR_DEFINITIONS = (
					"DEBUG=1",
					"$(inherited)",
				);
				GCC_WARN_64_TO_32_BIT_CONVERSION = YES;
				GCC_WARN_ABOUT_RETURN_TYPE = YES_ERROR;
				GCC_WARN_UNDECLARED_SELECTOR = YES;
				GCC_WARN_UNINITIALIZED_AUTOS = YES_AGGRESSIVE;
				GCC_WARN_UNUSED_FUNCTION = YES;
				GCC_WARN_UNUSED_VARIABLE = YES;
				IPHONEOS_DEPLOYMENT_TARGET = 15.4;
				MTL_ENABLE_DEBUG_INFO = INCLUDE_SOURCE;
				MTL_FAST_MATH = YES;
				ONLY_ACTIVE_ARCH = YES;
				SDKROOT = iphoneos;
				SWIFT_ACTIVE_COMPILATION_CONDITIONS = DEBUG;
				SWIFT_OPTIMIZATION_LEVEL = "-Onone";
			};
			name = Debug;
		};
		60BC4F4D27FE632300C37A52 /* Release */ = {
			isa = XCBuildConfiguration;
			buildSettings = {
				ALWAYS_SEARCH_USER_PATHS = NO;
				CLANG_ANALYZER_NONNULL = YES;
				CLANG_ANALYZER_NUMBER_OBJECT_CONVERSION = YES_AGGRESSIVE;
				CLANG_CXX_LANGUAGE_STANDARD = "gnu++17";
				CLANG_ENABLE_MODULES = YES;
				CLANG_ENABLE_OBJC_ARC = YES;
				CLANG_ENABLE_OBJC_WEAK = YES;
				CLANG_WARN_BLOCK_CAPTURE_AUTORELEASING = YES;
				CLANG_WARN_BOOL_CONVERSION = YES;
				CLANG_WARN_COMMA = YES;
				CLANG_WARN_CONSTANT_CONVERSION = YES;
				CLANG_WARN_DEPRECATED_OBJC_IMPLEMENTATIONS = YES;
				CLANG_WARN_DIRECT_OBJC_ISA_USAGE = YES_ERROR;
				CLANG_WARN_DOCUMENTATION_COMMENTS = YES;
				CLANG_WARN_EMPTY_BODY = YES;
				CLANG_WARN_ENUM_CONVERSION = YES;
				CLANG_WARN_INFINITE_RECURSION = YES;
				CLANG_WARN_INT_CONVERSION = YES;
				CLANG_WARN_NON_LITERAL_NULL_CONVERSION = YES;
				CLANG_WARN_OBJC_IMPLICIT_RETAIN_SELF = YES;
				CLANG_WARN_OBJC_LITERAL_CONVERSION = YES;
				CLANG_WARN_OBJC_ROOT_CLASS = YES_ERROR;
				CLANG_WARN_QUOTED_INCLUDE_IN_FRAMEWORK_HEADER = YES;
				CLANG_WARN_RANGE_LOOP_ANALYSIS = YES;
				CLANG_WARN_STRICT_PROTOTYPES = YES;
				CLANG_WARN_SUSPICIOUS_MOVE = YES;
				CLANG_WARN_UNGUARDED_AVAILABILITY = YES_AGGRESSIVE;
				CLANG_WARN_UNREACHABLE_CODE = YES;
				CLANG_WARN__DUPLICATE_METHOD_MATCH = YES;
				COPY_PHASE_STRIP = NO;
				DEBUG_INFORMATION_FORMAT = "dwarf-with-dsym";
				ENABLE_NS_ASSERTIONS = NO;
				ENABLE_STRICT_OBJC_MSGSEND = YES;
				GCC_C_LANGUAGE_STANDARD = gnu11;
				GCC_NO_COMMON_BLOCKS = YES;
				GCC_WARN_64_TO_32_BIT_CONVERSION = YES;
				GCC_WARN_ABOUT_RETURN_TYPE = YES_ERROR;
				GCC_WARN_UNDECLARED_SELECTOR = YES;
				GCC_WARN_UNINITIALIZED_AUTOS = YES_AGGRESSIVE;
				GCC_WARN_UNUSED_FUNCTION = YES;
				GCC_WARN_UNUSED_VARIABLE = YES;
				IPHONEOS_DEPLOYMENT_TARGET = 15.4;
				MTL_ENABLE_DEBUG_INFO = NO;
				MTL_FAST_MATH = YES;
				SDKROOT = iphoneos;
				SWIFT_COMPILATION_MODE = wholemodule;
				SWIFT_OPTIMIZATION_LEVEL = "-O";
				VALIDATE_PRODUCT = YES;
			};
			name = Release;
		};
		60BC4F4F27FE632300C37A52 /* Debug */ = {
			isa = XCBuildConfiguration;
			buildSettings = {
				ASSETCATALOG_COMPILER_APPICON_NAME = AppIcon;
				ASSETCATALOG_COMPILER_GLOBAL_ACCENT_COLOR_NAME = AccentColor;
				CODE_SIGN_STYLE = Automatic;
				CURRENT_PROJECT_VERSION = 1;
				DEVELOPMENT_TEAM = 7VL5533SK6;
				GENERATE_INFOPLIST_FILE = YES;
				INFOPLIST_FILE = MarimbaDAM/Info.plist;
				INFOPLIST_KEY_UIApplicationSupportsIndirectInputEvents = YES;
				INFOPLIST_KEY_UILaunchStoryboardName = LaunchScreen;
				INFOPLIST_KEY_UIMainStoryboardFile = Main;
				INFOPLIST_KEY_UISupportedInterfaceOrientations = "UIInterfaceOrientationPortraitUpsideDown UIInterfaceOrientationLandscapeLeft UIInterfaceOrientationLandscapeRight";
				INFOPLIST_KEY_UISupportedInterfaceOrientations_iPad = "UIInterfaceOrientationPortrait UIInterfaceOrientationPortraitUpsideDown UIInterfaceOrientationLandscapeLeft UIInterfaceOrientationLandscapeRight";
				INFOPLIST_KEY_UISupportedInterfaceOrientations_iPhone = "UIInterfaceOrientationPortrait UIInterfaceOrientationLandscapeLeft UIInterfaceOrientationLandscapeRight";
				LD_RUNPATH_SEARCH_PATHS = (
					"$(inherited)",
					"@executable_path/Frameworks",
				);
				MARKETING_VERSION = 1.0;
				PRODUCT_BUNDLE_IDENTIFIER = com.devsolutions.marcoart.MarimbaDAM;
				PRODUCT_NAME = "$(TARGET_NAME)";
				SWIFT_EMIT_LOC_STRINGS = YES;
				SWIFT_VERSION = 5.0;
				TARGETED_DEVICE_FAMILY = "1,2";
			};
			name = Debug;
		};
		60BC4F5027FE632300C37A52 /* Release */ = {
			isa = XCBuildConfiguration;
			buildSettings = {
				ASSETCATALOG_COMPILER_APPICON_NAME = AppIcon;
				ASSETCATALOG_COMPILER_GLOBAL_ACCENT_COLOR_NAME = AccentColor;
				CODE_SIGN_STYLE = Automatic;
				CURRENT_PROJECT_VERSION = 1;
				DEVELOPMENT_TEAM = 7VL5533SK6;
				GENERATE_INFOPLIST_FILE = YES;
				INFOPLIST_FILE = MarimbaDAM/Info.plist;
				INFOPLIST_KEY_UIApplicationSupportsIndirectInputEvents = YES;
				INFOPLIST_KEY_UILaunchStoryboardName = LaunchScreen;
				INFOPLIST_KEY_UIMainStoryboardFile = Main;
				INFOPLIST_KEY_UISupportedInterfaceOrientations = "UIInterfaceOrientationPortraitUpsideDown UIInterfaceOrientationLandscapeLeft UIInterfaceOrientationLandscapeRight";
				INFOPLIST_KEY_UISupportedInterfaceOrientations_iPad = "UIInterfaceOrientationPortrait UIInterfaceOrientationPortraitUpsideDown UIInterfaceOrientationLandscapeLeft UIInterfaceOrientationLandscapeRight";
				INFOPLIST_KEY_UISupportedInterfaceOrientations_iPhone = "UIInterfaceOrientationPortrait UIInterfaceOrientationLandscapeLeft UIInterfaceOrientationLandscapeRight";
				LD_RUNPATH_SEARCH_PATHS = (
					"$(inherited)",
					"@executable_path/Frameworks",
				);
				MARKETING_VERSION = 1.0;
				PRODUCT_BUNDLE_IDENTIFIER = com.devsolutions.marcoart.MarimbaDAM;
				PRODUCT_NAME = "$(TARGET_NAME)";
				SWIFT_EMIT_LOC_STRINGS = YES;
				SWIFT_VERSION = 5.0;
				TARGETED_DEVICE_FAMILY = "1,2";
			};
			name = Release;
		};
/* End XCBuildConfiguration section */

/* Begin XCConfigurationList section */
		60BC4F3527FE632000C37A52 /* Build configuration list for PBXProject "MarimbaDAM" */ = {
			isa = XCConfigurationList;
			buildConfigurations = (
				60BC4F4C27FE632300C37A52 /* Debug */,
				60BC4F4D27FE632300C37A52 /* Release */,
			);
			defaultConfigurationIsVisible = 0;
			defaultConfigurationName = Release;
		};
		60BC4F4E27FE632300C37A52 /* Build configuration list for PBXNativeTarget "MarimbaDAM" */ = {
			isa = XCConfigurationList;
			buildConfigurations = (
				60BC4F4F27FE632300C37A52 /* Debug */,
				60BC4F5027FE632300C37A52 /* Release */,
			);
			defaultConfigurationIsVisible = 0;
			defaultConfigurationName = Release;
		};
/* End XCConfigurationList section */
	};
	rootObject = 60BC4F3227FE632000C37A52 /* Project object */;
}
